// !$*UTF8*$!
{
	archiveVersion = 1;
	classes = {
	};
	objectVersion = 48;
	objects = {

/* Begin PBXBuildFile section */
		6D70FF97203E0418005E4508 /* AppDelegate.swift in Sources */ = {isa = PBXBuildFile; fileRef = 6D70FF96203E0418005E4508 /* AppDelegate.swift */; };
		6D70FF99203E0418005E4508 /* ViewController.swift in Sources */ = {isa = PBXBuildFile; fileRef = 6D70FF98203E0418005E4508 /* ViewController.swift */; };
		6D70FF9C203E0418005E4508 /* Main.storyboard in Resources */ = {isa = PBXBuildFile; fileRef = 6D70FF9A203E0418005E4508 /* Main.storyboard */; };
		6D70FF9E203E0418005E4508 /* Assets.xcassets in Resources */ = {isa = PBXBuildFile; fileRef = 6D70FF9D203E0418005E4508 /* Assets.xcassets */; };
		6D70FFA1203E0418005E4508 /* LaunchScreen.storyboard in Resources */ = {isa = PBXBuildFile; fileRef = 6D70FF9F203E0418005E4508 /* LaunchScreen.storyboard */; };
		6D70FFA9203E047E005E4508 /* Inceptionv3.mlmodel in Sources */ = {isa = PBXBuildFile; fileRef = 6D70FFA8203E047E005E4508 /* Inceptionv3.mlmodel */; };
/* End PBXBuildFile section */

/* Begin PBXFileReference section */
		6D70FF93203E0418005E4508 /* SeafoodRec.app */ = {isa = PBXFileReference; explicitFileType = wrapper.application; includeInIndex = 0; path = SeafoodRec.app; sourceTree = BUILT_PRODUCTS_DIR; };
		6D70FF96203E0418005E4508 /* AppDelegate.swift */ = {isa = PBXFileReference; lastKnownFileType = sourcecode.swift; path = AppDelegate.swift; sourceTree = "<group>"; };
		6D70FF98203E0418005E4508 /* ViewController.swift */ = {isa = PBXFileReference; lastKnownFileType = sourcecode.swift; path = ViewController.swift; sourceTree = "<group>"; };
		6D70FF9B203E0418005E4508 /* Base */ = {isa = PBXFileReference; lastKnownFileType = file.storyboard; name = Base; path = Base.lproj/Main.storyboard; sourceTree = "<group>"; };
		6D70FF9D203E0418005E4508 /* Assets.xcassets */ = {isa = PBXFileReference; lastKnownFileType = folder.assetcatalog; path = Assets.xcassets; sourceTree = "<group>"; };
		6D70FFA0203E0418005E4508 /* Base */ = {isa = PBXFileReference; lastKnownFileType = file.storyboard; name = Base; path = Base.lproj/LaunchScreen.storyboard; sourceTree = "<group>"; };
		6D70FFA2203E0418005E4508 /* Info.plist */ = {isa = PBXFileReference; lastKnownFileType = text.plist.xml; path = Info.plist; sourceTree = "<group>"; };
		6D70FFA8203E047E005E4508 /* Inceptionv3.mlmodel */ = {isa = PBXFileReference; lastKnownFileType = file.mlmodel; path = Inceptionv3.mlmodel; sourceTree = "<group>"; };
/* End PBXFileReference section */

/* Begin PBXFrameworksBuildPhase section */
		6D70FF90203E0418005E4508 /* Frameworks */ = {
			isa = PBXFrameworksBuildPhase;
			buildActionMask = 2147483647;
			files = (
			);
			runOnlyForDeploymentPostprocessing = 0;
		};
/* End PBXFrameworksBuildPhase section */

/* Begin PBXGroup section */
		6D70FF8A203E0418005E4508 = {
			isa = PBXGroup;
			children = (
				6D70FF95203E0418005E4508 /* SeafoodRec */,
				6D70FF94203E0418005E4508 /* Products */,
			);
			sourceTree = "<group>";
		};
		6D70FF94203E0418005E4508 /* Products */ = {
			isa = PBXGroup;
			children = (
				6D70FF93203E0418005E4508 /* SeafoodRec.app */,
			);
			name = Products;
			sourceTree = "<group>";
		};
		6D70FF95203E0418005E4508 /* SeafoodRec */ = {
			isa = PBXGroup;
			children = (
				6D70FF96203E0418005E4508 /* AppDelegate.swift */,
				6D70FF98203E0418005E4508 /* ViewController.swift */,
				6D70FF9A203E0418005E4508 /* Main.storyboard */,
				6D70FF9D203E0418005E4508 /* Assets.xcassets */,
				6D70FF9F203E0418005E4508 /* LaunchScreen.storyboard */,
				6D70FFA2203E0418005E4508 /* Info.plist */,
				6D70FFA8203E047E005E4508 /* Inceptionv3.mlmodel */,
			);
			path = SeafoodRec;
			sourceTree = "<group>";
		};
/* End PBXGroup section */

/* Begin PBXNativeTarget section */
		6D70FF92203E0418005E4508 /* SeafoodRec */ = {
			isa = PBXNativeTarget;
			buildConfigurationList = 6D70FFA5203E0418005E4508 /* Build configuration list for PBXNativeTarget "SeafoodRec" */;
			buildPhases = (
				6D70FF8F203E0418005E4508 /* Sources */,
				6D70FF90203E0418005E4508 /* Frameworks */,
				6D70FF91203E0418005E4508 /* Resources */,
			);
			buildRules = (
			);
			dependencies = (
			);
			name = SeafoodRec;
			productName = SeafoodRec;
			productReference = 6D70FF93203E0418005E4508 /* SeafoodRec.app */;
			productType = "com.apple.product-type.application";
		};
/* End PBXNativeTarget section */

/* Begin PBXProject section */
		6D70FF8B203E0418005E4508 /* Project object */ = {
			isa = PBXProject;
			attributes = {
				LastSwiftUpdateCheck = 0920;
				LastUpgradeCheck = 0920;
				ORGANIZATIONNAME = Bob;
				TargetAttributes = {
					6D70FF92203E0418005E4508 = {
						CreatedOnToolsVersion = 9.2;
						ProvisioningStyle = Automatic;
					};
				};
			};
			buildConfigurationList = 6D70FF8E203E0418005E4508 /* Build configuration list for PBXProject "SeafoodRec" */;
			compatibilityVersion = "Xcode 8.0";
			developmentRegion = en;
			hasScannedForEncodings = 0;
			knownRegions = (
				en,
				Base,
			);
			mainGroup = 6D70FF8A203E0418005E4508;
			productRefGroup = 6D70FF94203E0418005E4508 /* Products */;
			projectDirPath = "";
			projectRoot = "";
			targets = (
				6D70FF92203E0418005E4508 /* SeafoodRec */,
			);
		};
/* End PBXProject section */

/* Begin PBXResourcesBuildPhase section */
		6D70FF91203E0418005E4508 /* Resources */ = {
			isa = PBXResourcesBuildPhase;
			buildActionMask = 2147483647;
			files = (
				6D70FFA1203E0418005E4508 /* LaunchScreen.storyboard in Resources */,
				6D70FF9E203E0418005E4508 /* Assets.xcassets in Resources */,
				6D70FF9C203E0418005E4508 /* Main.storyboard in Resources */,
			);
			runOnlyForDeploymentPostprocessing = 0;
		};
/* End PBXResourcesBuildPhase section */

/* Begin PBXSourcesBuildPhase section */
		6D70FF8F203E0418005E4508 /* Sources */ = {
			isa = PBXSourcesBuildPhase;
			buildActionMask = 2147483647;
			files = (
				6D70FF99203E0418005E4508 /* ViewController.swift in Sources */,
				6D70FFA9203E047E005E4508 /* Inceptionv3.mlmodel in Sources */,
				6D70FF97203E0418005E4508 /* AppDelegate.swift in Sources */,
			);
			runOnlyForDeploymentPostprocessing = 0;
		};
/* End PBXSourcesBuildPhase section */

/* Begin PBXVariantGroup section */
		6D70FF9A203E0418005E4508 /* Main.storyboard */ = {
			isa = PBXVariantGroup;
			children = (
				6D70FF9B203E0418005E4508 /* Base */,
			);
			name = Main.storyboard;
			sourceTree = "<group>";
		};
		6D70FF9F203E0418005E4508 /* LaunchScreen.storyboard */ = {
			isa = PBXVariantGroup;
			children = (
				6D70FFA0203E0418005E4508 /* Base */,
			);
			name = LaunchScreen.storyboard;
			sourceTree = "<group>";
		};
/* End PBXVariantGroup section */

/* Begin XCBuildConfiguration section */
		6D70FFA3203E0418005E4508 /* Debug */ = {
			isa = XCBuildConfiguration;
			buildSettings = {
				ALWAYS_SEARCH_USER_PATHS = NO;
				CLANG_ANALYZER_NONNULL = YES;
				CLANG_ANALYZER_NUMBER_OBJECT_CONVERSION = YES_AGGRESSIVE;
				CLANG_CXX_LANGUAGE_STANDARD = "gnu++14";
				CLANG_CXX_LIBRARY = "libc++";
				CLANG_ENABLE_MODULES = YES;
				CLANG_ENABLE_OBJC_ARC = YES;
				CLANG_WARN_BLOCK_CAPTURE_AUTORELEASING = YES;
				CLANG_WARN_BOOL_CONVERSION = YES;
				CLANG_WARN_COMMA = YES;
				CLANG_WARN_CONSTANT_CONVERSION = YES;
				CLANG_WARN_DIRECT_OBJC_ISA_USAGE = YES_ERROR;
				CLANG_WARN_DOCUMENTATION_COMMENTS = YES;
				CLANG_WARN_EMPTY_BODY = YES;
				CLANG_WARN_ENUM_CONVERSION = YES;
				CLANG_WARN_INFINITE_RECURSION = YES;
				CLANG_WARN_INT_CONVERSION = YES;
				CLANG_WARN_NON_LITERAL_NULL_CONVERSION = YES;
				CLANG_WARN_OBJC_LITERAL_CONVERSION = YES;
				CLANG_WARN_OBJC_ROOT_CLASS = YES_ERROR;
				CLANG_WARN_RANGE_LOOP_ANALYSIS = YES;
				CLANG_WARN_STRICT_PROTOTYPES = YES;
				CLANG_WARN_SUSPICIOUS_MOVE = YES;
				CLANG_WARN_UNGUARDED_AVAILABILITY = YES_AGGRESSIVE;
				CLANG_WARN_UNREACHABLE_CODE = YES;
				CLANG_WARN__DUPLICATE_METHOD_MATCH = YES;
				CODE_SIGN_IDENTITY = "iPhone Developer";
				COPY_PHASE_STRIP = NO;
				DEBUG_INFORMATION_FORMAT = dwarf;
				ENABLE_STRICT_OBJC_MSGSEND = YES;
				ENABLE_TESTABILITY = YES;
				GCC_C_LANGUAGE_STANDARD = gnu11;
				GCC_DYNAMIC_NO_PIC = NO;
				GCC_NO_COMMON_BLOCKS = YES;
				GCC_OPTIMIZATION_LEVEL = 0;
				GCC_PREPROCESSOR_DEFINITIONS = (
					"DEBUG=1",
					"$(inherited)",
				);
				GCC_WARN_64_TO_32_BIT_CONVERSION = YES;
				GCC_WARN_ABOUT_RETURN_TYPE = YES_ERROR;
				GCC_WARN_UNDECLARED_SELECTOR = YES;
				GCC_WARN_UNINITIALIZED_AUTOS = YES_AGGRESSIVE;
				GCC_WARN_UNUSED_FUNCTION = YES;
				GCC_WARN_UNUSED_VARIABLE = YES;
				IPHONEOS_DEPLOYMENT_TARGET = 11.2;
				MTL_ENABLE_DEBUG_INFO = YES;
				ONLY_ACTIVE_ARCH = YES;
				SDKROOT = iphoneos;
				SWIFT_ACTIVE_COMPILATION_CONDITIONS = DEBUG;
				SWIFT_OPTIMIZATION_LEVEL = "-Onone";
			};
			name = Debug;
		};
		6D70FFA4203E0418005E4508 /* Release */ = {
			isa = XCBuildConfiguration;
			buildSettings = {
				ALWAYS_SEARCH_USER_PATHS = NO;
				CLANG_ANALYZER_NONNULL = YES;
				CLANG_ANALYZER_NUMBER_OBJECT_CONVERSION = YES_AGGRESSIVE;
				CLANG_CXX_LANGUAGE_STANDARD = "gnu++14";
				CLANG_CXX_LIBRARY = "libc++";
				CLANG_ENABLE_MODULES = YES;
				CLANG_ENABLE_OBJC_ARC = YES;
				CLANG_WARN_BLOCK_CAPTURE_AUTORELEASING = YES;
				CLANG_WARN_BOOL_CONVERSION = YES;
				CLANG_WARN_COMMA = YES;
				CLANG_WARN_CONSTANT_CONVERSION = YES;
				CLANG_WARN_DIRECT_OBJC_ISA_USAGE = YES_ERROR;
				CLANG_WARN_DOCUMENTATION_COMMENTS = YES;
				CLANG_WARN_EMPTY_BODY = YES;
				CLANG_WARN_ENUM_CONVERSION = YES;
				CLANG_WARN_INFINITE_RECURSION = YES;
				CLANG_WARN_INT_CONVERSION = YES;
				CLANG_WARN_NON_LITERAL_NULL_CONVERSION = YES;
				CLANG_WARN_OBJC_LITERAL_CONVERSION = YES;
				CLANG_WARN_OBJC_ROOT_CLASS = YES_ERROR;
				CLANG_WARN_RANGE_LOOP_ANALYSIS = YES;
				CLANG_WARN_STRICT_PROTOTYPES = YES;
				CLANG_WARN_SUSPICIOUS_MOVE = YES;
				CLANG_WARN_UNGUARDED_AVAILABILITY = YES_AGGRESSIVE;
				CLANG_WARN_UNREACHABLE_CODE = YES;
				CLANG_WARN__DUPLICATE_METHOD_MATCH = YES;
				CODE_SIGN_IDENTITY = "iPhone Developer";
				COPY_PHASE_STRIP = NO;
				DEBUG_INFORMATION_FORMAT = "dwarf-with-dsym";
				ENABLE_NS_ASSERTIONS = NO;
				ENABLE_STRICT_OBJC_MSGSEND = YES;
				GCC_C_LANGUAGE_STANDARD = gnu11;
				GCC_NO_COMMON_BLOCKS = YES;
				GCC_WARN_64_TO_32_BIT_CONVERSION = YES;
				GCC_WARN_ABOUT_RETURN_TYPE = YES_ERROR;
				GCC_WARN_UNDECLARED_SELECTOR = YES;
				GCC_WARN_UNINITIALIZED_AUTOS = YES_AGGRESSIVE;
				GCC_WARN_UNUSED_FUNCTION = YES;
				GCC_WARN_UNUSED_VARIABLE = YES;
				IPHONEOS_DEPLOYMENT_TARGET = 11.2;
				MTL_ENABLE_DEBUG_INFO = NO;
				SDKROOT = iphoneos;
				SWIFT_OPTIMIZATION_LEVEL = "-Owholemodule";
				VALIDATE_PRODUCT = YES;
			};
			name = Release;
		};
		6D70FFA6203E0418005E4508 /* Debug */ = {
			isa = XCBuildConfiguration;
			buildSettings = {
				ASSETCATALOG_COMPILER_APPICON_NAME = AppIcon;
				CODE_SIGN_STYLE = Automatic;
				DEVELOPMENT_TEAM = 5N2QVT92TU;
				INFOPLIST_FILE = SeafoodRec/Info.plist;
				LD_RUNPATH_SEARCH_PATHS = "$(inherited) @executable_path/Frameworks";
				PRODUCT_BUNDLE_IDENTIFIER = com.bddb.frrrrrrrra.SeafoodRec;
				PRODUCT_NAME = "$(TARGET_NAME)";
				SWIFT_VERSION = 4.0;
				TARGETED_DEVICE_FAMILY = "1,2";
			};
			name = Debug;
		};
		6D70FFA7203E0418005E4508 /* Release */ = {
			isa = XCBuildConfiguration;
			buildSettings = {
				ASSETCATALOG_COMPILER_APPICON_NAME = AppIcon;
				CODE_SIGN_STYLE = Automatic;
				DEVELOPMENT_TEAM = 5N2QVT92TU;
				INFOPLIST_FILE = SeafoodRec/Info.plist;
				LD_RUNPATH_SEARCH_PATHS = "$(inherited) @executable_path/Frameworks";
				PRODUCT_BUNDLE_IDENTIFIER = com.bddb.frrrrrrrra.SeafoodRec;
				PRODUCT_NAME = "$(TARGET_NAME)";
				SWIFT_VERSION = 4.0;
				TARGETED_DEVICE_FAMILY = "1,2";
			};
			name = Release;
		};
/* End XCBuildConfiguration section */

/* Begin XCConfigurationList section */
		6D70FF8E203E0418005E4508 /* Build configuration list for PBXProject "SeafoodRec" */ = {
			isa = XCConfigurationList;
			buildConfigurations = (
				6D70FFA3203E0418005E4508 /* Debug */,
				6D70FFA4203E0418005E4508 /* Release */,
			);
			defaultConfigurationIsVisible = 0;
			defaultConfigurationName = Release;
		};
		6D70FFA5203E0418005E4508 /* Build configuration list for PBXNativeTarget "SeafoodRec" */ = {
			isa = XCConfigurationList;
			buildConfigurations = (
				6D70FFA6203E0418005E4508 /* Debug */,
				6D70FFA7203E0418005E4508 /* Release */,
			);
			defaultConfigurationIsVisible = 0;
			defaultConfigurationName = Release;
		};
/* End XCConfigurationList section */
	};
	rootObject = 6D70FF8B203E0418005E4508 /* Project object */;
}
